
Microsoft Visual Studio Solution File, Format Version 11.00
# Visual Studio 2010
Project("{FAE04EC0-301F-11D3-BF4B-00C04F79EFBC}") = "SA34_Team9_StationeryStoreInventorySystem", "StationeryStoreInventorySystem\SA34_Team9_StationeryStoreInventorySystem.csproj", "{2A300C09-FD76-4530-81C0-C6AFCF859885}"
EndProject
Project("{FAE04EC0-301F-11D3-BF4B-00C04F79EFBC}") = "SA34_Team9_StationeryStoreInventorySystemModel", "StationeryStoreInventorySystemModel\SA34_Team9_StationeryStoreInventorySystemModel.csproj", "{BFF5A020-3B4C-4034-8D89-3F4B7CD59ECF}"
EndProject
Project("{FAE04EC0-301F-11D3-BF4B-00C04F79EFBC}") = "SA34_Team9_StationeryStoreInventorySystemController", "StationeryStoreInventorySystemController\SA34_Team9_StationeryStoreInventorySystemController.csproj", "{FCB721E3-6E46-4257-981D-35FB1321F43D}"
EndProject
Project("{FAE04EC0-301F-11D3-BF4B-00C04F79EFBC}") = "SA34_Team9_SystemStoreInventorySystemUtil", "SystemStoreInventorySystemUtil\SA34_Team9_SystemStoreInventorySystemUtil.csproj", "{0B594918-2100-4169-A513-7610DE755BA0}"
EndProject
Project("{FAE04EC0-301F-11D3-BF4B-00C04F79EFBC}") = "ConsoleApplication1", "ConsoleApplication1\ConsoleApplication1.csproj", "{9ABA4368-36E5-4B12-943C-14E56DA7FE98}"
EndProject
Global
	GlobalSection(SolutionConfigurationPlatforms) = preSolution
		Debug|Any CPU = Debug|Any CPU
		Debug|Mixed Platforms = Debug|Mixed Platforms
		Debug|x86 = Debug|x86
		Release|Any CPU = Release|Any CPU
		Release|Mixed Platforms = Release|Mixed Platforms
		Release|x86 = Release|x86
	EndGlobalSection
	GlobalSection(ProjectConfigurationPlatforms) = postSolution
		{2A300C09-FD76-4530-81C0-C6AFCF859885}.Debug|Any CPU.ActiveCfg = Debug|Any CPU
		{2A300C09-FD76-4530-81C0-C6AFCF859885}.Debug|Any CPU.Build.0 = Debug|Any CPU
		{2A300C09-FD76-4530-81C0-C6AFCF859885}.Debug|Mixed Platforms.ActiveCfg = Debug|Any CPU
		{2A300C09-FD76-4530-81C0-C6AFCF859885}.Debug|Mixed Platforms.Build.0 = Debug|Any CPU
		{2A300C09-FD76-4530-81C0-C6AFCF859885}.Debug|x86.ActiveCfg = Debug|Any CPU
		{2A300C09-FD76-4530-81C0-C6AFCF859885}.Release|Any CPU.ActiveCfg = Release|Any CPU
		{2A300C09-FD76-4530-81C0-C6AFCF859885}.Release|Any CPU.Build.0 = Release|Any CPU
		{2A300C09-FD76-4530-81C0-C6AFCF859885}.Release|Mixed Platforms.ActiveCfg = Release|Any CPU
		{2A300C09-FD76-4530-81C0-C6AFCF859885}.Release|Mixed Platforms.Build.0 = Release|Any CPU
		{2A300C09-FD76-4530-81C0-C6AFCF859885}.Release|x86.ActiveCfg = Release|Any CPU
		{BFF5A020-3B4C-4034-8D89-3F4B7CD59ECF}.Debug|Any CPU.ActiveCfg = Debug|Any CPU
		{BFF5A020-3B4C-4034-8D89-3F4B7CD59ECF}.Debug|Any CPU.Build.0 = Debug|Any CPU
		{BFF5A020-3B4C-4034-8D89-3F4B7CD59ECF}.Debug|Mixed Platforms.ActiveCfg = Debug|Any CPU
		{BFF5A020-3B4C-4034-8D89-3F4B7CD59ECF}.Debug|Mixed Platforms.Build.0 = Debug|Any CPU
		{BFF5A020-3B4C-4034-8D89-3F4B7CD59ECF}.Debug|x86.ActiveCfg = Debug|Any CPU
		{BFF5A020-3B4C-4034-8D89-3F4B7CD59ECF}.Release|Any CPU.ActiveCfg = Release|Any CPU
		{BFF5A020-3B4C-4034-8D89-3F4B7CD59ECF}.Release|Any CPU.Build.0 = Release|Any CPU
		{BFF5A020-3B4C-4034-8D89-3F4B7CD59ECF}.Release|Mixed Platforms.ActiveCfg = Release|Any CPU
		{BFF5A020-3B4C-4034-8D89-3F4B7CD59ECF}.Release|Mixed Platforms.Build.0 = Release|Any CPU
		{BFF5A020-3B4C-4034-8D89-3F4B7CD59ECF}.Release|x86.ActiveCfg = Release|Any CPU
		{FCB721E3-6E46-4257-981D-35FB1321F43D}.Debug|Any CPU.ActiveCfg = Debug|Any CPU
		{FCB721E3-6E46-4257-981D-35FB1321F43D}.Debug|Any CPU.Build.0 = Debug|Any CPU
		{FCB721E3-6E46-4257-981D-35FB1321F43D}.Debug|Mixed Platforms.ActiveCfg = Debug|Any CPU
		{FCB721E3-6E46-4257-981D-35FB1321F43D}.Debug|x86.ActiveCfg = Debug|Any CPU
		{FCB721E3-6E46-4257-981D-35FB1321F43D}.Release|Any CPU.ActiveCfg = Release|Any CPU
		{FCB721E3-6E46-4257-981D-35FB1321F43D}.Release|Any CPU.Build.0 = Release|Any CPU
		{FCB721E3-6E46-4257-981D-35FB1321F43D}.Release|Mixed Platforms.ActiveCfg = Release|Any CPU
		{FCB721E3-6E46-4257-981D-35FB1321F43D}.Release|x86.ActiveCfg = Release|Any CPU
		{0B594918-2100-4169-A513-7610DE755BA0}.Debug|Any CPU.ActiveCfg = Debug|Any CPU
		{0B594918-2100-4169-A513-7610DE755BA0}.Debug|Any CPU.Build.0 = Debug|Any CPU
		{0B594918-2100-4169-A513-7610DE755BA0}.Debug|Mixed Platforms.ActiveCfg = Debug|Any CPU
		{0B594918-2100-4169-A513-7610DE755BA0}.Debug|Mixed Platforms.Build.0 = Debug|Any CPU
		{0B594918-2100-4169-A513-7610DE755BA0}.Debug|x86.ActiveCfg = Debug|Any CPU
		{0B594918-2100-4169-A513-7610DE755BA0}.Release|Any CPU.ActiveCfg = Release|Any CPU
		{0B594918-2100-4169-A513-7610DE755BA0}.Release|Any CPU.Build.0 = Release|Any CPU
		{0B594918-2100-4169-A513-7610DE755BA0}.Release|Mixed Platforms.ActiveCfg = Release|Any CPU
		{0B594918-2100-4169-A513-7610DE755BA0}.Release|Mixed Platforms.Build.0 = Release|Any CPU
		{0B594918-2100-4169-A513-7610DE755BA0}.Release|x86.ActiveCfg = Release|Any CPU
		{9ABA4368-36E5-4B12-943C-14E56DA7FE98}.Debug|Any CPU.ActiveCfg = Debug|x86
		{9ABA4368-36E5-4B12-943C-14E56DA7FE98}.Debug|Mixed Platforms.ActiveCfg = Debug|x86
		{9ABA4368-36E5-4B12-943C-14E56DA7FE98}.Debug|Mixed Platforms.Build.0 = Debug|x86
		{9ABA4368-36E5-4B12-943C-14E56DA7FE98}.Debug|x86.ActiveCfg = Debug|x86
		{9ABA4368-36E5-4B12-943C-14E56DA7FE98}.Debug|x86.Build.0 = Debug|x86
		{9ABA4368-36E5-4B12-943C-14E56DA7FE98}.Release|Any CPU.ActiveCfg = Release|x86
		{9ABA4368-36E5-4B12-943C-14E56DA7FE98}.Release|Mixed Platforms.ActiveCfg = Release|x86
		{9ABA4368-36E5-4B12-943C-14E56DA7FE98}.Release|Mixed Platforms.Build.0 = Release|x86
		{9ABA4368-36E5-4B12-943C-14E56DA7FE98}.Release|x86.ActiveCfg = Release|x86
		{9ABA4368-36E5-4B12-943C-14E56DA7FE98}.Release|x86.Build.0 = Release|x86
	EndGlobalSection
	GlobalSection(SolutionProperties) = preSolution
		HideSolutionNode = FALSE
	EndGlobalSection
EndGlobal
